
Microsoft Visual Studio Solution File, Format Version 12.00
# Visual Studio Version 17
VisualStudioVersion = 17.14.36603.0 d17.14
MinimumVisualStudioVersion = 10.0.40219.1
Project("{8BC9CEB8-8B4A-11D0-8D11-00A0C91BC942}") = "lab_06_02_rec", "lab_06_02_rec\lab_06_02_rec.vcxproj", "{E8C7FFB3-5927-4C9A-8E65-DB53B1E540B8}"
EndProject
Project("{8BC9CEB8-8B4A-11D0-8D11-00A0C91BC942}") = "UnitTest6_2_rec", "UnitTest6_2_rec\UnitTest6_2_rec.vcxproj", "{A9E277EC-B782-BFFB-4DB8-C33877B39874}"
EndProject
Global
	GlobalSection(SolutionConfigurationPlatforms) = preSolution
		Debug|x64 = Debug|x64
		Debug|x86 = Debug|x86
		Release|x64 = Release|x64
		Release|x86 = Release|x86
	EndGlobalSection
	GlobalSection(ProjectConfigurationPlatforms) = postSolution
		{E8C7FFB3-5927-4C9A-8E65-DB53B1E540B8}.Debug|x64.ActiveCfg = Debug|x64
		{E8C7FFB3-5927-4C9A-8E65-DB53B1E540B8}.Debug|x64.Build.0 = Debug|x64
		{E8C7FFB3-5927-4C9A-8E65-DB53B1E540B8}.Debug|x86.ActiveCfg = Debug|Win32
		{E8C7FFB3-5927-4C9A-8E65-DB53B1E540B8}.Debug|x86.Build.0 = Debug|Win32
		{E8C7FFB3-5927-4C9A-8E65-DB53B1E540B8}.Release|x64.ActiveCfg = Release|x64
		{E8C7FFB3-5927-4C9A-8E65-DB53B1E540B8}.Release|x64.Build.0 = Release|x64
		{E8C7FFB3-5927-4C9A-8E65-DB53B1E540B8}.Release|x86.ActiveCfg = Release|Win32
		{E8C7FFB3-5927-4C9A-8E65-DB53B1E540B8}.Release|x86.Build.0 = Release|Win32
		{A9E277EC-B782-BFFB-4DB8-C33877B39874}.Debug|x64.ActiveCfg = Debug|x64
		{A9E277EC-B782-BFFB-4DB8-C33877B39874}.Debug|x64.Build.0 = Debug|x64
		{A9E277EC-B782-BFFB-4DB8-C33877B39874}.Debug|x86.ActiveCfg = Debug|Win32
		{A9E277EC-B782-BFFB-4DB8-C33877B39874}.Debug|x86.Build.0 = Debug|Win32
		{A9E277EC-B782-BFFB-4DB8-C33877B39874}.Release|x64.ActiveCfg = Release|x64
		{A9E277EC-B782-BFFB-4DB8-C33877B39874}.Release|x64.Build.0 = Release|x64
		{A9E277EC-B782-BFFB-4DB8-C33877B39874}.Release|x86.ActiveCfg = Release|Win32
		{A9E277EC-B782-BFFB-4DB8-C33877B39874}.Release|x86.Build.0 = Release|Win32
	EndGlobalSection
	GlobalSection(SolutionProperties) = preSolution
		HideSolutionNode = FALSE
	EndGlobalSection
	GlobalSection(ExtensibilityGlobals) = postSolution
		SolutionGuid = {C231F498-F239-4968-94F4-F8C4E5215EA7}
	EndGlobalSection
EndGlobal
